// !$*UTF8*$!
{
	archiveVersion = 1;
	classes = {
	};
	objectVersion = 55;
	objects = {

/* Begin PBXBuildFile section */
		5733DDDB28181C6900287B39 /* AppDelegate.swift in Sources */ = {isa = PBXBuildFile; fileRef = 5733DDDA28181C6900287B39 /* AppDelegate.swift */; };
		5733DDDF28181C6900287B39 /* MenuController.swift in Sources */ = {isa = PBXBuildFile; fileRef = 5733DDDE28181C6900287B39 /* MenuController.swift */; };
		5733DDE428181C6C00287B39 /* Assets.xcassets in Resources */ = {isa = PBXBuildFile; fileRef = 5733DDE328181C6C00287B39 /* Assets.xcassets */; };
		5733DDE728181C6C00287B39 /* LaunchScreen.storyboard in Resources */ = {isa = PBXBuildFile; fileRef = 5733DDE528181C6C00287B39 /* LaunchScreen.storyboard */; };
		5733DDEF28181F7900287B39 /* BaseController.swift in Sources */ = {isa = PBXBuildFile; fileRef = 5733DDEE28181F7900287B39 /* BaseController.swift */; };
		5733DDF12818216C00287B39 /* BaseView.swift in Sources */ = {isa = PBXBuildFile; fileRef = 5733DDF02818216C00287B39 /* BaseView.swift */; };
		5733DDFF2818235000287B39 /* MenuView.swift in Sources */ = {isa = PBXBuildFile; fileRef = 5733DDFE2818235000287B39 /* MenuView.swift */; };
		5733DE022818241A00287B39 /* StringExtension.swift in Sources */ = {isa = PBXBuildFile; fileRef = 5733DE012818241A00287B39 /* StringExtension.swift */; };
		5733DE042818244C00287B39 /* String+Localized.swift in Sources */ = {isa = PBXBuildFile; fileRef = 5733DE032818244C00287B39 /* String+Localized.swift */; };
		5733DE082818267100287B39 /* ContactsController.swift in Sources */ = {isa = PBXBuildFile; fileRef = 5733DE072818267100287B39 /* ContactsController.swift */; };
		5733DE0A2818269F00287B39 /* ContactsView.swift in Sources */ = {isa = PBXBuildFile; fileRef = 5733DE092818269F00287B39 /* ContactsView.swift */; };
		5733DE0C281827A800287B39 /* ContactController.swift in Sources */ = {isa = PBXBuildFile; fileRef = 5733DE0B281827A800287B39 /* ContactController.swift */; };
		5733DE0E281827B200287B39 /* ContactView.swift in Sources */ = {isa = PBXBuildFile; fileRef = 5733DE0D281827B200287B39 /* ContactView.swift */; };
		5733DE10281829B500287B39 /* BaseInputView.swift in Sources */ = {isa = PBXBuildFile; fileRef = 5733DE0F281829B500287B39 /* BaseInputView.swift */; };
		5733DE1328182D7900287B39 /* NameCell.swift in Sources */ = {isa = PBXBuildFile; fileRef = 5733DE1228182D7900287B39 /* NameCell.swift */; };
		5733DE16281833F500287B39 /* ContactBook.xcdatamodeld in Sources */ = {isa = PBXBuildFile; fileRef = 5733DE14281833F500287B39 /* ContactBook.xcdatamodeld */; };
		5733DE19281834AE00287B39 /* Contact.swift in Sources */ = {isa = PBXBuildFile; fileRef = 5733DE18281834AE00287B39 /* Contact.swift */; };
		5733DE1B2818351300287B39 /* CoreDataManager.swift in Sources */ = {isa = PBXBuildFile; fileRef = 5733DE1A2818351300287B39 /* CoreDataManager.swift */; };
		5733DE1D2818369D00287B39 /* PhoneCell.swift in Sources */ = {isa = PBXBuildFile; fileRef = 5733DE1C2818369D00287B39 /* PhoneCell.swift */; };
		5733DE1F281836EB00287B39 /* EmailCell.swift in Sources */ = {isa = PBXBuildFile; fileRef = 5733DE1E281836EB00287B39 /* EmailCell.swift */; };
		5733DE212818373100287B39 /* AddressCell.swift in Sources */ = {isa = PBXBuildFile; fileRef = 5733DE202818373100287B39 /* AddressCell.swift */; };
		5733DE232818379200287B39 /* NotesCell.swift in Sources */ = {isa = PBXBuildFile; fileRef = 5733DE222818379200287B39 /* NotesCell.swift */; };
		5733DE2628186BC500287B39 /* Constants.swift in Sources */ = {isa = PBXBuildFile; fileRef = 5733DE2528186BC500287B39 /* Constants.swift */; };
		5733DE2928186C6800287B39 /* BaseCollectionView.swift in Sources */ = {isa = PBXBuildFile; fileRef = 5733DE2828186C6800287B39 /* BaseCollectionView.swift */; };
		5733DE2C28186DC600287B39 /* ContactCell.swift in Sources */ = {isa = PBXBuildFile; fileRef = 5733DE2B28186DC600287B39 /* ContactCell.swift */; };
		5733DE2E2818724D00287B39 /* UITextViewExtension.swift in Sources */ = {isa = PBXBuildFile; fileRef = 5733DE2D2818724D00287B39 /* UITextViewExtension.swift */; };
		5733DE302818727400287B39 /* UITextFieldExtension.swift in Sources */ = {isa = PBXBuildFile; fileRef = 5733DE2F2818727400287B39 /* UITextFieldExtension.swift */; };
		5733DE32281882CD00287B39 /* UIViewControllerExtension.swift in Sources */ = {isa = PBXBuildFile; fileRef = 5733DE31281882CD00287B39 /* UIViewControllerExtension.swift */; };
/* End PBXBuildFile section */

/* Begin PBXFileReference section */
		5733DDD728181C6900287B39 /* ContactBook.app */ = {isa = PBXFileReference; explicitFileType = wrapper.application; includeInIndex = 0; path = ContactBook.app; sourceTree = BUILT_PRODUCTS_DIR; };
		5733DDDA28181C6900287B39 /* AppDelegate.swift */ = {isa = PBXFileReference; lastKnownFileType = sourcecode.swift; path = AppDelegate.swift; sourceTree = "<group>"; };
		5733DDDE28181C6900287B39 /* MenuController.swift */ = {isa = PBXFileReference; lastKnownFileType = sourcecode.swift; path = MenuController.swift; sourceTree = "<group>"; };
		5733DDE328181C6C00287B39 /* Assets.xcassets */ = {isa = PBXFileReference; lastKnownFileType = folder.assetcatalog; path = Assets.xcassets; sourceTree = "<group>"; };
		5733DDE628181C6C00287B39 /* Base */ = {isa = PBXFileReference; lastKnownFileType = file.storyboard; name = Base; path = Base.lproj/LaunchScreen.storyboard; sourceTree = "<group>"; };
		5733DDE828181C6C00287B39 /* Info.plist */ = {isa = PBXFileReference; lastKnownFileType = text.plist.xml; path = Info.plist; sourceTree = "<group>"; };
		5733DDEE28181F7900287B39 /* BaseController.swift */ = {isa = PBXFileReference; lastKnownFileType = sourcecode.swift; path = BaseController.swift; sourceTree = "<group>"; };
		5733DDF02818216C00287B39 /* BaseView.swift */ = {isa = PBXFileReference; lastKnownFileType = sourcecode.swift; path = BaseView.swift; sourceTree = "<group>"; };
		5733DDFE2818235000287B39 /* MenuView.swift */ = {isa = PBXFileReference; lastKnownFileType = sourcecode.swift; path = MenuView.swift; sourceTree = "<group>"; };
		5733DE012818241A00287B39 /* StringExtension.swift */ = {isa = PBXFileReference; lastKnownFileType = sourcecode.swift; path = StringExtension.swift; sourceTree = "<group>"; };
		5733DE032818244C00287B39 /* String+Localized.swift */ = {isa = PBXFileReference; lastKnownFileType = sourcecode.swift; path = "String+Localized.swift"; sourceTree = "<group>"; };
		5733DE072818267100287B39 /* ContactsController.swift */ = {isa = PBXFileReference; lastKnownFileType = sourcecode.swift; path = ContactsController.swift; sourceTree = "<group>"; };
		5733DE092818269F00287B39 /* ContactsView.swift */ = {isa = PBXFileReference; lastKnownFileType = sourcecode.swift; path = ContactsView.swift; sourceTree = "<group>"; };
		5733DE0B281827A800287B39 /* ContactController.swift */ = {isa = PBXFileReference; lastKnownFileType = sourcecode.swift; path = ContactController.swift; sourceTree = "<group>"; };
		5733DE0D281827B200287B39 /* ContactView.swift */ = {isa = PBXFileReference; lastKnownFileType = sourcecode.swift; path = ContactView.swift; sourceTree = "<group>"; };
		5733DE0F281829B500287B39 /* BaseInputView.swift */ = {isa = PBXFileReference; lastKnownFileType = sourcecode.swift; path = BaseInputView.swift; sourceTree = "<group>"; };
		5733DE1228182D7900287B39 /* NameCell.swift */ = {isa = PBXFileReference; lastKnownFileType = sourcecode.swift; path = NameCell.swift; sourceTree = "<group>"; };
		5733DE15281833F500287B39 /* ContactBook.xcdatamodel */ = {isa = PBXFileReference; lastKnownFileType = wrapper.xcdatamodel; path = ContactBook.xcdatamodel; sourceTree = "<group>"; };
		5733DE18281834AE00287B39 /* Contact.swift */ = {isa = PBXFileReference; lastKnownFileType = sourcecode.swift; path = Contact.swift; sourceTree = "<group>"; };
		5733DE1A2818351300287B39 /* CoreDataManager.swift */ = {isa = PBXFileReference; lastKnownFileType = sourcecode.swift; path = CoreDataManager.swift; sourceTree = "<group>"; };
		5733DE1C2818369D00287B39 /* PhoneCell.swift */ = {isa = PBXFileReference; lastKnownFileType = sourcecode.swift; path = PhoneCell.swift; sourceTree = "<group>"; };
		5733DE1E281836EB00287B39 /* EmailCell.swift */ = {isa = PBXFileReference; lastKnownFileType = sourcecode.swift; path = EmailCell.swift; sourceTree = "<group>"; };
		5733DE202818373100287B39 /* AddressCell.swift */ = {isa = PBXFileReference; lastKnownFileType = sourcecode.swift; path = AddressCell.swift; sourceTree = "<group>"; };
		5733DE222818379200287B39 /* NotesCell.swift */ = {isa = PBXFileReference; lastKnownFileType = sourcecode.swift; path = NotesCell.swift; sourceTree = "<group>"; };
		5733DE2528186BC500287B39 /* Constants.swift */ = {isa = PBXFileReference; lastKnownFileType = sourcecode.swift; path = Constants.swift; sourceTree = "<group>"; };
		5733DE2828186C6800287B39 /* BaseCollectionView.swift */ = {isa = PBXFileReference; lastKnownFileType = sourcecode.swift; path = BaseCollectionView.swift; sourceTree = "<group>"; };
		5733DE2B28186DC600287B39 /* ContactCell.swift */ = {isa = PBXFileReference; lastKnownFileType = sourcecode.swift; path = ContactCell.swift; sourceTree = "<group>"; };
		5733DE2D2818724D00287B39 /* UITextViewExtension.swift */ = {isa = PBXFileReference; lastKnownFileType = sourcecode.swift; path = UITextViewExtension.swift; sourceTree = "<group>"; };
		5733DE2F2818727400287B39 /* UITextFieldExtension.swift */ = {isa = PBXFileReference; lastKnownFileType = sourcecode.swift; path = UITextFieldExtension.swift; sourceTree = "<group>"; };
		5733DE31281882CD00287B39 /* UIViewControllerExtension.swift */ = {isa = PBXFileReference; lastKnownFileType = sourcecode.swift; path = UIViewControllerExtension.swift; sourceTree = "<group>"; };
/* End PBXFileReference section */

/* Begin PBXFrameworksBuildPhase section */
		5733DDD428181C6900287B39 /* Frameworks */ = {
			isa = PBXFrameworksBuildPhase;
			buildActionMask = 2147483647;
			files = (
			);
			runOnlyForDeploymentPostprocessing = 0;
		};
/* End PBXFrameworksBuildPhase section */

/* Begin PBXGroup section */
		5733DDCE28181C6900287B39 = {
			isa = PBXGroup;
			children = (
				5733DDD928181C6900287B39 /* ContactBook */,
				5733DDD828181C6900287B39 /* Products */,
			);
			sourceTree = "<group>";
		};
		5733DDD828181C6900287B39 /* Products */ = {
			isa = PBXGroup;
			children = (
				5733DDD728181C6900287B39 /* ContactBook.app */,
			);
			name = Products;
			sourceTree = "<group>";
		};
		5733DDD928181C6900287B39 /* ContactBook */ = {
			isa = PBXGroup;
			children = (
				5733DDF2281821DC00287B39 /* Application */,
				5733DDFC2818229700287B39 /* Assets */,
				5733DDF3281821F100287B39 /* Helpers */,
				5733DE172818349200287B39 /* Models */,
				5733DDFD281822A500287B39 /* Supporting Files */,
				5733DDDA28181C6900287B39 /* AppDelegate.swift */,
				5733DE1A2818351300287B39 /* CoreDataManager.swift */,
				5733DE14281833F500287B39 /* ContactBook.xcdatamodeld */,
			);
			path = ContactBook;
			sourceTree = "<group>";
		};
		5733DDF2281821DC00287B39 /* Application */ = {
			isa = PBXGroup;
			children = (
				5733DE052818265500287B39 /* Contacts */,
				5733DDFB2818226400287B39 /* LaunchScreen */,
				5733DDF82818223300287B39 /* Menu */,
			);
			path = Application;
			sourceTree = "<group>";
		};
		5733DDF3281821F100287B39 /* Helpers */ = {
			isa = PBXGroup;
			children = (
				5733DDF4281821F500287B39 /* Common */,
				5733DE2428186BA600287B39 /* Constants */,
				5733DE00281823FC00287B39 /* Extensions */,
			);
			path = Helpers;
			sourceTree = "<group>";
		};
		5733DDF4281821F500287B39 /* Common */ = {
			isa = PBXGroup;
			children = (
				5733DE2728186C4E00287B39 /* CollectionView */,
				5733DDF5281821FE00287B39 /* View */,
				5733DDF62818220100287B39 /* ViewController */,
			);
			path = Common;
			sourceTree = "<group>";
		};
		5733DDF5281821FE00287B39 /* View */ = {
			isa = PBXGroup;
			children = (
				5733DE0F281829B500287B39 /* BaseInputView.swift */,
				5733DDF02818216C00287B39 /* BaseView.swift */,
			);
			path = View;
			sourceTree = "<group>";
		};
		5733DDF62818220100287B39 /* ViewController */ = {
			isa = PBXGroup;
			children = (
				5733DDEE28181F7900287B39 /* BaseController.swift */,
			);
			path = ViewController;
			sourceTree = "<group>";
		};
		5733DDF82818223300287B39 /* Menu */ = {
			isa = PBXGroup;
			children = (
				5733DDFA2818225300287B39 /* View */,
			);
			path = Menu;
			sourceTree = "<group>";
		};
		5733DDFA2818225300287B39 /* View */ = {
			isa = PBXGroup;
			children = (
				5733DDDE28181C6900287B39 /* MenuController.swift */,
				5733DDFE2818235000287B39 /* MenuView.swift */,
			);
			path = View;
			sourceTree = "<group>";
		};
		5733DDFB2818226400287B39 /* LaunchScreen */ = {
			isa = PBXGroup;
			children = (
				5733DDE528181C6C00287B39 /* LaunchScreen.storyboard */,
			);
			path = LaunchScreen;
			sourceTree = "<group>";
		};
		5733DDFC2818229700287B39 /* Assets */ = {
			isa = PBXGroup;
			children = (
				5733DDE328181C6C00287B39 /* Assets.xcassets */,
			);
			path = Assets;
			sourceTree = "<group>";
		};
		5733DDFD281822A500287B39 /* Supporting Files */ = {
			isa = PBXGroup;
			children = (
				5733DDE828181C6C00287B39 /* Info.plist */,
				5733DE032818244C00287B39 /* String+Localized.swift */,
			);
			path = "Supporting Files";
			sourceTree = "<group>";
		};
		5733DE00281823FC00287B39 /* Extensions */ = {
			isa = PBXGroup;
			children = (
				5733DE012818241A00287B39 /* StringExtension.swift */,
				5733DE2F2818727400287B39 /* UITextFieldExtension.swift */,
				5733DE2D2818724D00287B39 /* UITextViewExtension.swift */,
				5733DE31281882CD00287B39 /* UIViewControllerExtension.swift */,
			);
			path = Extensions;
			sourceTree = "<group>";
		};
		5733DE052818265500287B39 /* Contacts */ = {
			isa = PBXGroup;
			children = (
				5733DE2A28186DB700287B39 /* CollectionViewCell */,
				5733DE1128182CA400287B39 /* TableViewCell */,
				5733DE062818266600287B39 /* View */,
			);
			path = Contacts;
			sourceTree = "<group>";
		};
		5733DE062818266600287B39 /* View */ = {
			isa = PBXGroup;
			children = (
				5733DE0B281827A800287B39 /* ContactController.swift */,
				5733DE072818267100287B39 /* ContactsController.swift */,
				5733DE0D281827B200287B39 /* ContactView.swift */,
				5733DE092818269F00287B39 /* ContactsView.swift */,
			);
			path = View;
			sourceTree = "<group>";
		};
		5733DE1128182CA400287B39 /* TableViewCell */ = {
			isa = PBXGroup;
			children = (
				5733DE202818373100287B39 /* AddressCell.swift */,
				5733DE1E281836EB00287B39 /* EmailCell.swift */,
				5733DE1228182D7900287B39 /* NameCell.swift */,
				5733DE222818379200287B39 /* NotesCell.swift */,
				5733DE1C2818369D00287B39 /* PhoneCell.swift */,
			);
			path = TableViewCell;
			sourceTree = "<group>";
		};
		5733DE172818349200287B39 /* Models */ = {
			isa = PBXGroup;
			children = (
				5733DE18281834AE00287B39 /* Contact.swift */,
			);
			path = Models;
			sourceTree = "<group>";
		};
		5733DE2428186BA600287B39 /* Constants */ = {
			isa = PBXGroup;
			children = (
				5733DE2528186BC500287B39 /* Constants.swift */,
			);
			path = Constants;
			sourceTree = "<group>";
		};
		5733DE2728186C4E00287B39 /* CollectionView */ = {
			isa = PBXGroup;
			children = (
				5733DE2828186C6800287B39 /* BaseCollectionView.swift */,
			);
			path = CollectionView;
			sourceTree = "<group>";
		};
		5733DE2A28186DB700287B39 /* CollectionViewCell */ = {
			isa = PBXGroup;
			children = (
				5733DE2B28186DC600287B39 /* ContactCell.swift */,
			);
			path = CollectionViewCell;
			sourceTree = "<group>";
		};
/* End PBXGroup section */

/* Begin PBXNativeTarget section */
		5733DDD628181C6900287B39 /* ContactBook */ = {
			isa = PBXNativeTarget;
			buildConfigurationList = 5733DDEB28181C6C00287B39 /* Build configuration list for PBXNativeTarget "ContactBook" */;
			buildPhases = (
				5733DDD328181C6900287B39 /* Sources */,
				5733DDD428181C6900287B39 /* Frameworks */,
				5733DDD528181C6900287B39 /* Resources */,
			);
			buildRules = (
			);
			dependencies = (
			);
			name = ContactBook;
			productName = ContactBook;
			productReference = 5733DDD728181C6900287B39 /* ContactBook.app */;
			productType = "com.apple.product-type.application";
		};
/* End PBXNativeTarget section */

/* Begin PBXProject section */
		5733DDCF28181C6900287B39 /* Project object */ = {
			isa = PBXProject;
			attributes = {
				BuildIndependentTargetsInParallel = 1;
				LastSwiftUpdateCheck = 1330;
				LastUpgradeCheck = 1330;
				TargetAttributes = {
					5733DDD628181C6900287B39 = {
						CreatedOnToolsVersion = 13.3.1;
					};
				};
			};
			buildConfigurationList = 5733DDD228181C6900287B39 /* Build configuration list for PBXProject "ContactBook" */;
			compatibilityVersion = "Xcode 13.0";
			developmentRegion = en;
			hasScannedForEncodings = 0;
			knownRegions = (
				en,
				Base,
			);
			mainGroup = 5733DDCE28181C6900287B39;
			productRefGroup = 5733DDD828181C6900287B39 /* Products */;
			projectDirPath = "";
			projectRoot = "";
			targets = (
				5733DDD628181C6900287B39 /* ContactBook */,
			);
		};
/* End PBXProject section */

/* Begin PBXResourcesBuildPhase section */
		5733DDD528181C6900287B39 /* Resources */ = {
			isa = PBXResourcesBuildPhase;
			buildActionMask = 2147483647;
			files = (
				5733DDE728181C6C00287B39 /* LaunchScreen.storyboard in Resources */,
				5733DDE428181C6C00287B39 /* Assets.xcassets in Resources */,
			);
			runOnlyForDeploymentPostprocessing = 0;
		};
/* End PBXResourcesBuildPhase section */

/* Begin PBXSourcesBuildPhase section */
		5733DDD328181C6900287B39 /* Sources */ = {
			isa = PBXSourcesBuildPhase;
			buildActionMask = 2147483647;
			files = (
				5733DDFF2818235000287B39 /* MenuView.swift in Sources */,
				5733DE0E281827B200287B39 /* ContactView.swift in Sources */,
				5733DDDF28181C6900287B39 /* MenuController.swift in Sources */,
				5733DE022818241A00287B39 /* StringExtension.swift in Sources */,
				5733DE1328182D7900287B39 /* NameCell.swift in Sources */,
				5733DDEF28181F7900287B39 /* BaseController.swift in Sources */,
				5733DE042818244C00287B39 /* String+Localized.swift in Sources */,
				5733DE212818373100287B39 /* AddressCell.swift in Sources */,
				5733DDDB28181C6900287B39 /* AppDelegate.swift in Sources */,
				5733DE2928186C6800287B39 /* BaseCollectionView.swift in Sources */,
				5733DE302818727400287B39 /* UITextFieldExtension.swift in Sources */,
				5733DE0C281827A800287B39 /* ContactController.swift in Sources */,
				5733DE1D2818369D00287B39 /* PhoneCell.swift in Sources */,
				5733DE2628186BC500287B39 /* Constants.swift in Sources */,
				5733DE10281829B500287B39 /* BaseInputView.swift in Sources */,
				5733DE0A2818269F00287B39 /* ContactsView.swift in Sources */,
				5733DE2E2818724D00287B39 /* UITextViewExtension.swift in Sources */,
				5733DE082818267100287B39 /* ContactsController.swift in Sources */,
				5733DE19281834AE00287B39 /* Contact.swift in Sources */,
				5733DE232818379200287B39 /* NotesCell.swift in Sources */,
				5733DDF12818216C00287B39 /* BaseView.swift in Sources */,
				5733DE1B2818351300287B39 /* CoreDataManager.swift in Sources */,
				5733DE32281882CD00287B39 /* UIViewControllerExtension.swift in Sources */,
				5733DE2C28186DC600287B39 /* ContactCell.swift in Sources */,
				5733DE1F281836EB00287B39 /* EmailCell.swift in Sources */,
				5733DE16281833F500287B39 /* ContactBook.xcdatamodeld in Sources */,
			);
			runOnlyForDeploymentPostprocessing = 0;
		};
/* End PBXSourcesBuildPhase section */

/* Begin PBXVariantGroup section */
		5733DDE528181C6C00287B39 /* LaunchScreen.storyboard */ = {
			isa = PBXVariantGroup;
			children = (
				5733DDE628181C6C00287B39 /* Base */,
			);
			name = LaunchScreen.storyboard;
			sourceTree = "<group>";
		};
/* End PBXVariantGroup section */

/* Begin XCBuildConfiguration section */
		5733DDE928181C6C00287B39 /* Debug */ = {
			isa = XCBuildConfiguration;
			buildSettings = {
				ALWAYS_SEARCH_USER_PATHS = NO;
				CLANG_ANALYZER_NONNULL = YES;
				CLANG_ANALYZER_NUMBER_OBJECT_CONVERSION = YES_AGGRESSIVE;
				CLANG_CXX_LANGUAGE_STANDARD = "gnu++17";
				CLANG_ENABLE_MODULES = YES;
				CLANG_ENABLE_OBJC_ARC = YES;
				CLANG_ENABLE_OBJC_WEAK = YES;
				CLANG_WARN_BLOCK_CAPTURE_AUTORELEASING = YES;
				CLANG_WARN_BOOL_CONVERSION = YES;
				CLANG_WARN_COMMA = YES;
				CLANG_WARN_CONSTANT_CONVERSION = YES;
				CLANG_WARN_DEPRECATED_OBJC_IMPLEMENTATIONS = YES;
				CLANG_WARN_DIRECT_OBJC_ISA_USAGE = YES_ERROR;
				CLANG_WARN_DOCUMENTATION_COMMENTS = YES;
				CLANG_WARN_EMPTY_BODY = YES;
				CLANG_WARN_ENUM_CONVERSION = YES;
				CLANG_WARN_INFINITE_RECURSION = YES;
				CLANG_WARN_INT_CONVERSION = YES;
				CLANG_WARN_NON_LITERAL_NULL_CONVERSION = YES;
				CLANG_WARN_OBJC_IMPLICIT_RETAIN_SELF = YES;
				CLANG_WARN_OBJC_LITERAL_CONVERSION = YES;
				CLANG_WARN_OBJC_ROOT_CLASS = YES_ERROR;
				CLANG_WARN_QUOTED_INCLUDE_IN_FRAMEWORK_HEADER = YES;
				CLANG_WARN_RANGE_LOOP_ANALYSIS = YES;
				CLANG_WARN_STRICT_PROTOTYPES = YES;
				CLANG_WARN_SUSPICIOUS_MOVE = YES;
				CLANG_WARN_UNGUARDED_AVAILABILITY = YES_AGGRESSIVE;
				CLANG_WARN_UNREACHABLE_CODE = YES;
				CLANG_WARN__DUPLICATE_METHOD_MATCH = YES;
				COPY_PHASE_STRIP = NO;
				DEBUG_INFORMATION_FORMAT = dwarf;
				ENABLE_STRICT_OBJC_MSGSEND = YES;
				ENABLE_TESTABILITY = YES;
				GCC_C_LANGUAGE_STANDARD = gnu11;
				GCC_DYNAMIC_NO_PIC = NO;
				GCC_NO_COMMON_BLOCKS = YES;
				GCC_OPTIMIZATION_LEVEL = 0;
				GCC_PREPROCESSOR_DEFINITIONS = (
					"DEBUG=1",
					"$(inherited)",
				);
				GCC_WARN_64_TO_32_BIT_CONVERSION = YES;
				GCC_WARN_ABOUT_RETURN_TYPE = YES_ERROR;
				GCC_WARN_UNDECLARED_SELECTOR = YES;
				GCC_WARN_UNINITIALIZED_AUTOS = YES_AGGRESSIVE;
				GCC_WARN_UNUSED_FUNCTION = YES;
				GCC_WARN_UNUSED_VARIABLE = YES;
				IPHONEOS_DEPLOYMENT_TARGET = 15.4;
				MTL_ENABLE_DEBUG_INFO = INCLUDE_SOURCE;
				MTL_FAST_MATH = YES;
				ONLY_ACTIVE_ARCH = YES;
				SDKROOT = iphoneos;
				SWIFT_ACTIVE_COMPILATION_CONDITIONS = DEBUG;
				SWIFT_OPTIMIZATION_LEVEL = "-Onone";
			};
			name = Debug;
		};
		5733DDEA28181C6C00287B39 /* Release */ = {
			isa = XCBuildConfiguration;
			buildSettings = {
				ALWAYS_SEARCH_USER_PATHS = NO;
				CLANG_ANALYZER_NONNULL = YES;
				CLANG_ANALYZER_NUMBER_OBJECT_CONVERSION = YES_AGGRESSIVE;
				CLANG_CXX_LANGUAGE_STANDARD = "gnu++17";
				CLANG_ENABLE_MODULES = YES;
				CLANG_ENABLE_OBJC_ARC = YES;
				CLANG_ENABLE_OBJC_WEAK = YES;
				CLANG_WARN_BLOCK_CAPTURE_AUTORELEASING = YES;
				CLANG_WARN_BOOL_CONVERSION = YES;
				CLANG_WARN_COMMA = YES;
				CLANG_WARN_CONSTANT_CONVERSION = YES;
				CLANG_WARN_DEPRECATED_OBJC_IMPLEMENTATIONS = YES;
				CLANG_WARN_DIRECT_OBJC_ISA_USAGE = YES_ERROR;
				CLANG_WARN_DOCUMENTATION_COMMENTS = YES;
				CLANG_WARN_EMPTY_BODY = YES;
				CLANG_WARN_ENUM_CONVERSION = YES;
				CLANG_WARN_INFINITE_RECURSION = YES;
				CLANG_WARN_INT_CONVERSION = YES;
				CLANG_WARN_NON_LITERAL_NULL_CONVERSION = YES;
				CLANG_WARN_OBJC_IMPLICIT_RETAIN_SELF = YES;
				CLANG_WARN_OBJC_LITERAL_CONVERSION = YES;
				CLANG_WARN_OBJC_ROOT_CLASS = YES_ERROR;
				CLANG_WARN_QUOTED_INCLUDE_IN_FRAMEWORK_HEADER = YES;
				CLANG_WARN_RANGE_LOOP_ANALYSIS = YES;
				CLANG_WARN_STRICT_PROTOTYPES = YES;
				CLANG_WARN_SUSPICIOUS_MOVE = YES;
				CLANG_WARN_UNGUARDED_AVAILABILITY = YES_AGGRESSIVE;
				CLANG_WARN_UNREACHABLE_CODE = YES;
				CLANG_WARN__DUPLICATE_METHOD_MATCH = YES;
				COPY_PHASE_STRIP = NO;
				DEBUG_INFORMATION_FORMAT = "dwarf-with-dsym";
				ENABLE_NS_ASSERTIONS = NO;
				ENABLE_STRICT_OBJC_MSGSEND = YES;
				GCC_C_LANGUAGE_STANDARD = gnu11;
				GCC_NO_COMMON_BLOCKS = YES;
				GCC_WARN_64_TO_32_BIT_CONVERSION = YES;
				GCC_WARN_ABOUT_RETURN_TYPE = YES_ERROR;
				GCC_WARN_UNDECLARED_SELECTOR = YES;
				GCC_WARN_UNINITIALIZED_AUTOS = YES_AGGRESSIVE;
				GCC_WARN_UNUSED_FUNCTION = YES;
				GCC_WARN_UNUSED_VARIABLE = YES;
				IPHONEOS_DEPLOYMENT_TARGET = 15.4;
				MTL_ENABLE_DEBUG_INFO = NO;
				MTL_FAST_MATH = YES;
				SDKROOT = iphoneos;
				SWIFT_COMPILATION_MODE = wholemodule;
				SWIFT_OPTIMIZATION_LEVEL = "-O";
				VALIDATE_PRODUCT = YES;
			};
			name = Release;
		};
		5733DDEC28181C6C00287B39 /* Debug */ = {
			isa = XCBuildConfiguration;
			buildSettings = {
				ASSETCATALOG_COMPILER_APPICON_NAME = AppIcon;
				ASSETCATALOG_COMPILER_GLOBAL_ACCENT_COLOR_NAME = AccentColor;
				CODE_SIGN_STYLE = Automatic;
				CURRENT_PROJECT_VERSION = 1;
				GENERATE_INFOPLIST_FILE = YES;
				INFOPLIST_FILE = "ContactBook/Supporting Files/Info.plist";
				INFOPLIST_KEY_UIApplicationSupportsIndirectInputEvents = YES;
				INFOPLIST_KEY_UILaunchStoryboardName = LaunchScreen;
				INFOPLIST_KEY_UISupportedInterfaceOrientations_iPad = "UIInterfaceOrientationPortrait UIInterfaceOrientationPortraitUpsideDown UIInterfaceOrientationLandscapeLeft UIInterfaceOrientationLandscapeRight";
				INFOPLIST_KEY_UISupportedInterfaceOrientations_iPhone = "UIInterfaceOrientationPortrait UIInterfaceOrientationLandscapeLeft UIInterfaceOrientationLandscapeRight";
				IPHONEOS_DEPLOYMENT_TARGET = 13.0;
				LD_RUNPATH_SEARCH_PATHS = (
					"$(inherited)",
					"@executable_path/Frameworks",
				);
				MARKETING_VERSION = 1.0;
				PRODUCT_BUNDLE_IDENTIFIER = mx.victorcedeno.ContactBook;
				PRODUCT_NAME = "$(TARGET_NAME)";
				SWIFT_EMIT_LOC_STRINGS = YES;
				SWIFT_VERSION = 5.0;
				TARGETED_DEVICE_FAMILY = "1,2";
			};
			name = Debug;
		};
		5733DDED28181C6C00287B39 /* Release */ = {
			isa = XCBuildConfiguration;
			buildSettings = {
				ASSETCATALOG_COMPILER_APPICON_NAME = AppIcon;
				ASSETCATALOG_COMPILER_GLOBAL_ACCENT_COLOR_NAME = AccentColor;
				CODE_SIGN_STYLE = Automatic;
				CURRENT_PROJECT_VERSION = 1;
				GENERATE_INFOPLIST_FILE = YES;
				INFOPLIST_FILE = "ContactBook/Supporting Files/Info.plist";
				INFOPLIST_KEY_UIApplicationSupportsIndirectInputEvents = YES;
				INFOPLIST_KEY_UILaunchStoryboardName = LaunchScreen;
				INFOPLIST_KEY_UISupportedInterfaceOrientations_iPad = "UIInterfaceOrientationPortrait UIInterfaceOrientationPortraitUpsideDown UIInterfaceOrientationLandscapeLeft UIInterfaceOrientationLandscapeRight";
				INFOPLIST_KEY_UISupportedInterfaceOrientations_iPhone = "UIInterfaceOrientationPortrait UIInterfaceOrientationLandscapeLeft UIInterfaceOrientationLandscapeRight";
				IPHONEOS_DEPLOYMENT_TARGET = 13.0;
				LD_RUNPATH_SEARCH_PATHS = (
					"$(inherited)",
					"@executable_path/Frameworks",
				);
				MARKETING_VERSION = 1.0;
				PRODUCT_BUNDLE_IDENTIFIER = mx.victorcedeno.ContactBook;
				PRODUCT_NAME = "$(TARGET_NAME)";
				SWIFT_EMIT_LOC_STRINGS = YES;
				SWIFT_VERSION = 5.0;
				TARGETED_DEVICE_FAMILY = "1,2";
			};
			name = Release;
		};
/* End XCBuildConfiguration section */

/* Begin XCConfigurationList section */
		5733DDD228181C6900287B39 /* Build configuration list for PBXProject "ContactBook" */ = {
			isa = XCConfigurationList;
			buildConfigurations = (
				5733DDE928181C6C00287B39 /* Debug */,
				5733DDEA28181C6C00287B39 /* Release */,
			);
			defaultConfigurationIsVisible = 0;
			defaultConfigurationName = Release;
		};
		5733DDEB28181C6C00287B39 /* Build configuration list for PBXNativeTarget "ContactBook" */ = {
			isa = XCConfigurationList;
			buildConfigurations = (
				5733DDEC28181C6C00287B39 /* Debug */,
				5733DDED28181C6C00287B39 /* Release */,
			);
			defaultConfigurationIsVisible = 0;
			defaultConfigurationName = Release;
		};
/* End XCConfigurationList section */

/* Begin XCVersionGroup section */
		5733DE14281833F500287B39 /* ContactBook.xcdatamodeld */ = {
			isa = XCVersionGroup;
			children = (
				5733DE15281833F500287B39 /* ContactBook.xcdatamodel */,
			);
			currentVersion = 5733DE15281833F500287B39 /* ContactBook.xcdatamodel */;
			path = ContactBook.xcdatamodeld;
			sourceTree = "<group>";
			versionGroupType = wrapper.xcdatamodel;
		};
/* End XCVersionGroup section */
	};
	rootObject = 5733DDCF28181C6900287B39 /* Project object */;
}
